// !$*UTF8*$!
{
	archiveVersion = 1;
	classes = {
	};
	objectVersion = 55;
	objects = {

/* Begin PBXBuildFile section */
		260BC90F2988106C000C491E /* LaunchScreen.storyboard in Resources */ = {isa = PBXBuildFile; fileRef = 260BC90E2988106C000C491E /* LaunchScreen.storyboard */; };
		260BC91529881E6B000C491E /* Extensions.swift in Sources */ = {isa = PBXBuildFile; fileRef = 260BC91429881E6B000C491E /* Extensions.swift */; };
		260BC91729882546000C491E /* FeedView.swift in Sources */ = {isa = PBXBuildFile; fileRef = 260BC91629882546000C491E /* FeedView.swift */; };
		260BC919298917E2000C491E /* PostView.swift in Sources */ = {isa = PBXBuildFile; fileRef = 260BC918298917E2000C491E /* PostView.swift */; };
		262641AA2988080D005303E1 /* ToyGramApp.swift in Sources */ = {isa = PBXBuildFile; fileRef = 262641A92988080D005303E1 /* ToyGramApp.swift */; };
		262641AC2988080D005303E1 /* ContentView.swift in Sources */ = {isa = PBXBuildFile; fileRef = 262641AB2988080D005303E1 /* ContentView.swift */; };
		262641AE2988080E005303E1 /* Assets.xcassets in Resources */ = {isa = PBXBuildFile; fileRef = 262641AD2988080E005303E1 /* Assets.xcassets */; };
		262641B12988080E005303E1 /* Preview Assets.xcassets in Resources */ = {isa = PBXBuildFile; fileRef = 262641B02988080E005303E1 /* Preview Assets.xcassets */; };
		2643AA962993F112002D1AA1 /* PostArrayObject.swift in Sources */ = {isa = PBXBuildFile; fileRef = 2643AA952993F112002D1AA1 /* PostArrayObject.swift */; };
		26AB31FC29B6290600EBBD56 /* CarouselView.swift in Sources */ = {isa = PBXBuildFile; fileRef = 26AB31FB29B6290600EBBD56 /* CarouselView.swift */; };
		26D037C12993BDB80060D5B3 /* PostModel.swift in Sources */ = {isa = PBXBuildFile; fileRef = 26D037C02993BDB80060D5B3 /* PostModel.swift */; };
		26D408E32994DFC200597B2F /* CommentsView.swift in Sources */ = {isa = PBXBuildFile; fileRef = 26D408E22994DFC200597B2F /* CommentsView.swift */; };
		26D408E5299522EC00597B2F /* MessageView.swift in Sources */ = {isa = PBXBuildFile; fileRef = 26D408E4299522EC00597B2F /* MessageView.swift */; };
		26D408E7299526C400597B2F /* CommentModel.swift in Sources */ = {isa = PBXBuildFile; fileRef = 26D408E6299526C400597B2F /* CommentModel.swift */; };
		26E23C7B2A0909C20035D18E /* ImageGridView.swift in Sources */ = {isa = PBXBuildFile; fileRef = 26E23C7A2A0909C20035D18E /* ImageGridView.swift */; };
		26FFD8FC29B5FE0A00063088 /* BrowseView.swift in Sources */ = {isa = PBXBuildFile; fileRef = 26FFD8FB29B5FE0A00063088 /* BrowseView.swift */; };
/* End PBXBuildFile section */

/* Begin PBXFileReference section */
		260BC90E2988106C000C491E /* LaunchScreen.storyboard */ = {isa = PBXFileReference; lastKnownFileType = file.storyboard; path = LaunchScreen.storyboard; sourceTree = "<group>"; };
		260BC91429881E6B000C491E /* Extensions.swift */ = {isa = PBXFileReference; lastKnownFileType = sourcecode.swift; path = Extensions.swift; sourceTree = "<group>"; };
		260BC91629882546000C491E /* FeedView.swift */ = {isa = PBXFileReference; lastKnownFileType = sourcecode.swift; path = FeedView.swift; sourceTree = "<group>"; };
		260BC918298917E2000C491E /* PostView.swift */ = {isa = PBXFileReference; lastKnownFileType = sourcecode.swift; path = PostView.swift; sourceTree = "<group>"; };
		262641A62988080D005303E1 /* ToyGram.app */ = {isa = PBXFileReference; explicitFileType = wrapper.application; includeInIndex = 0; path = ToyGram.app; sourceTree = BUILT_PRODUCTS_DIR; };
		262641A92988080D005303E1 /* ToyGramApp.swift */ = {isa = PBXFileReference; lastKnownFileType = sourcecode.swift; path = ToyGramApp.swift; sourceTree = "<group>"; };
		262641AB2988080D005303E1 /* ContentView.swift */ = {isa = PBXFileReference; lastKnownFileType = sourcecode.swift; path = ContentView.swift; sourceTree = "<group>"; };
		262641AD2988080E005303E1 /* Assets.xcassets */ = {isa = PBXFileReference; lastKnownFileType = folder.assetcatalog; path = Assets.xcassets; sourceTree = "<group>"; };
		262641B02988080E005303E1 /* Preview Assets.xcassets */ = {isa = PBXFileReference; lastKnownFileType = folder.assetcatalog; path = "Preview Assets.xcassets"; sourceTree = "<group>"; };
		2643AA952993F112002D1AA1 /* PostArrayObject.swift */ = {isa = PBXFileReference; lastKnownFileType = sourcecode.swift; path = PostArrayObject.swift; sourceTree = "<group>"; };
		26AB31FB29B6290600EBBD56 /* CarouselView.swift */ = {isa = PBXFileReference; lastKnownFileType = sourcecode.swift; path = CarouselView.swift; sourceTree = "<group>"; };
		26D037C02993BDB80060D5B3 /* PostModel.swift */ = {isa = PBXFileReference; lastKnownFileType = sourcecode.swift; path = PostModel.swift; sourceTree = "<group>"; };
		26D408E22994DFC200597B2F /* CommentsView.swift */ = {isa = PBXFileReference; lastKnownFileType = sourcecode.swift; path = CommentsView.swift; sourceTree = "<group>"; };
		26D408E4299522EC00597B2F /* MessageView.swift */ = {isa = PBXFileReference; lastKnownFileType = sourcecode.swift; path = MessageView.swift; sourceTree = "<group>"; };
		26D408E6299526C400597B2F /* CommentModel.swift */ = {isa = PBXFileReference; lastKnownFileType = sourcecode.swift; path = CommentModel.swift; sourceTree = "<group>"; };
		26E23C7A2A0909C20035D18E /* ImageGridView.swift */ = {isa = PBXFileReference; lastKnownFileType = sourcecode.swift; path = ImageGridView.swift; sourceTree = "<group>"; };
		26FFD8FB29B5FE0A00063088 /* BrowseView.swift */ = {isa = PBXFileReference; lastKnownFileType = sourcecode.swift; path = BrowseView.swift; sourceTree = "<group>"; };
/* End PBXFileReference section */

/* Begin PBXFrameworksBuildPhase section */
		262641A32988080D005303E1 /* Frameworks */ = {
			isa = PBXFrameworksBuildPhase;
			buildActionMask = 2147483647;
			files = (
			);
			runOnlyForDeploymentPostprocessing = 0;
		};
/* End PBXFrameworksBuildPhase section */

/* Begin PBXGroup section */
		260BC910298819E0000C491E /* Views */ = {
			isa = PBXGroup;
			children = (
				260BC91229881A11000C491E /* Subviews */,
				260BC911298819FF000C491E /* Screens */,
			);
			path = Views;
			sourceTree = "<group>";
		};
		260BC911298819FF000C491E /* Screens */ = {
			isa = PBXGroup;
			children = (
				262641A92988080D005303E1 /* ToyGramApp.swift */,
				262641AB2988080D005303E1 /* ContentView.swift */,
				260BC91629882546000C491E /* FeedView.swift */,
				26D408E22994DFC200597B2F /* CommentsView.swift */,
				26FFD8FB29B5FE0A00063088 /* BrowseView.swift */,
			);
			path = Screens;
			sourceTree = "<group>";
		};
		260BC91229881A11000C491E /* Subviews */ = {
			isa = PBXGroup;
			children = (
				260BC918298917E2000C491E /* PostView.swift */,
				26D408E4299522EC00597B2F /* MessageView.swift */,
				26AB31FB29B6290600EBBD56 /* CarouselView.swift */,
				26E23C7A2A0909C20035D18E /* ImageGridView.swift */,
			);
			path = Subviews;
			sourceTree = "<group>";
		};
		260BC91329881E3D000C491E /* Helpers */ = {
			isa = PBXGroup;
			children = (
				260BC91429881E6B000C491E /* Extensions.swift */,
			);
			path = Helpers;
			sourceTree = "<group>";
		};
		2626419D2988080D005303E1 = {
			isa = PBXGroup;
			children = (
				262641A82988080D005303E1 /* ToyGram */,
				262641A72988080D005303E1 /* Products */,
			);
			sourceTree = "<group>";
		};
		262641A72988080D005303E1 /* Products */ = {
			isa = PBXGroup;
			children = (
				262641A62988080D005303E1 /* ToyGram.app */,
			);
			name = Products;
			sourceTree = "<group>";
		};
		262641A82988080D005303E1 /* ToyGram */ = {
			isa = PBXGroup;
			children = (
				26D037BF2993BD860060D5B3 /* Model */,
				260BC91329881E3D000C491E /* Helpers */,
				260BC910298819E0000C491E /* Views */,
				262641AD2988080E005303E1 /* Assets.xcassets */,
				262641AF2988080E005303E1 /* Preview Content */,
				260BC90E2988106C000C491E /* LaunchScreen.storyboard */,
			);
			path = ToyGram;
			sourceTree = "<group>";
		};
		262641AF2988080E005303E1 /* Preview Content */ = {
			isa = PBXGroup;
			children = (
				262641B02988080E005303E1 /* Preview Assets.xcassets */,
			);
			path = "Preview Content";
			sourceTree = "<group>";
		};
		26D037BF2993BD860060D5B3 /* Model */ = {
			isa = PBXGroup;
			children = (
				26D037C02993BDB80060D5B3 /* PostModel.swift */,
				2643AA952993F112002D1AA1 /* PostArrayObject.swift */,
				26D408E6299526C400597B2F /* CommentModel.swift */,
			);
			path = Model;
			sourceTree = "<group>";
		};
/* End PBXGroup section */

/* Begin PBXNativeTarget section */
		262641A52988080D005303E1 /* ToyGram */ = {
			isa = PBXNativeTarget;
			buildConfigurationList = 262641B42988080E005303E1 /* Build configuration list for PBXNativeTarget "ToyGram" */;
			buildPhases = (
				262641A22988080D005303E1 /* Sources */,
				262641A32988080D005303E1 /* Frameworks */,
				262641A42988080D005303E1 /* Resources */,
			);
			buildRules = (
			);
			dependencies = (
			);
			name = ToyGram;
			productName = ToyGram;
			productReference = 262641A62988080D005303E1 /* ToyGram.app */;
			productType = "com.apple.product-type.application";
		};
/* End PBXNativeTarget section */

/* Begin PBXProject section */
		2626419E2988080D005303E1 /* Project object */ = {
			isa = PBXProject;
			attributes = {
				BuildIndependentTargetsInParallel = 1;
				LastSwiftUpdateCheck = 1340;
				LastUpgradeCheck = 1340;
				TargetAttributes = {
					262641A52988080D005303E1 = {
						CreatedOnToolsVersion = 13.4.1;
					};
				};
			};
			buildConfigurationList = 262641A12988080D005303E1 /* Build configuration list for PBXProject "ToyGram" */;
			compatibilityVersion = "Xcode 13.0";
			developmentRegion = en;
			hasScannedForEncodings = 0;
			knownRegions = (
				en,
				Base,
			);
			mainGroup = 2626419D2988080D005303E1;
			productRefGroup = 262641A72988080D005303E1 /* Products */;
			projectDirPath = "";
			projectRoot = "";
			targets = (
				262641A52988080D005303E1 /* ToyGram */,
			);
		};
/* End PBXProject section */

/* Begin PBXResourcesBuildPhase section */
		262641A42988080D005303E1 /* Resources */ = {
			isa = PBXResourcesBuildPhase;
			buildActionMask = 2147483647;
			files = (
				260BC90F2988106C000C491E /* LaunchScreen.storyboard in Resources */,
				262641B12988080E005303E1 /* Preview Assets.xcassets in Resources */,
				262641AE2988080E005303E1 /* Assets.xcassets in Resources */,
			);
			runOnlyForDeploymentPostprocessing = 0;
		};
/* End PBXResourcesBuildPhase section */

/* Begin PBXSourcesBuildPhase section */
		262641A22988080D005303E1 /* Sources */ = {
			isa = PBXSourcesBuildPhase;
			buildActionMask = 2147483647;
			files = (
				260BC91729882546000C491E /* FeedView.swift in Sources */,
				26D037C12993BDB80060D5B3 /* PostModel.swift in Sources */,
				262641AC2988080D005303E1 /* ContentView.swift in Sources */,
				26D408E5299522EC00597B2F /* MessageView.swift in Sources */,
				260BC91529881E6B000C491E /* Extensions.swift in Sources */,
				2643AA962993F112002D1AA1 /* PostArrayObject.swift in Sources */,
				26E23C7B2A0909C20035D18E /* ImageGridView.swift in Sources */,
				260BC919298917E2000C491E /* PostView.swift in Sources */,
				26FFD8FC29B5FE0A00063088 /* BrowseView.swift in Sources */,
				26D408E7299526C400597B2F /* CommentModel.swift in Sources */,
				26D408E32994DFC200597B2F /* CommentsView.swift in Sources */,
				26AB31FC29B6290600EBBD56 /* CarouselView.swift in Sources */,
				262641AA2988080D005303E1 /* ToyGramApp.swift in Sources */,
			);
			runOnlyForDeploymentPostprocessing = 0;
		};
/* End PBXSourcesBuildPhase section */

/* Begin XCBuildConfiguration section */
		262641B22988080E005303E1 /* Debug */ = {
			isa = XCBuildConfiguration;
			buildSettings = {
				ALWAYS_SEARCH_USER_PATHS = NO;
				CLANG_ANALYZER_NONNULL = YES;
				CLANG_ANALYZER_NUMBER_OBJECT_CONVERSION = YES_AGGRESSIVE;
				CLANG_CXX_LANGUAGE_STANDARD = "gnu++17";
				CLANG_ENABLE_MODULES = YES;
				CLANG_ENABLE_OBJC_ARC = YES;
				CLANG_ENABLE_OBJC_WEAK = YES;
				CLANG_WARN_BLOCK_CAPTURE_AUTORELEASING = YES;
				CLANG_WARN_BOOL_CONVERSION = YES;
				CLANG_WARN_COMMA = YES;
				CLANG_WARN_CONSTANT_CONVERSION = YES;
				CLANG_WARN_DEPRECATED_OBJC_IMPLEMENTATIONS = YES;
				CLANG_WARN_DIRECT_OBJC_ISA_USAGE = YES_ERROR;
				CLANG_WARN_DOCUMENTATION_COMMENTS = YES;
				CLANG_WARN_EMPTY_BODY = YES;
				CLANG_WARN_ENUM_CONVERSION = YES;
				CLANG_WARN_INFINITE_RECURSION = YES;
				CLANG_WARN_INT_CONVERSION = YES;
				CLANG_WARN_NON_LITERAL_NULL_CONVERSION = YES;
				CLANG_WARN_OBJC_IMPLICIT_RETAIN_SELF = YES;
				CLANG_WARN_OBJC_LITERAL_CONVERSION = YES;
				CLANG_WARN_OBJC_ROOT_CLASS = YES_ERROR;
				CLANG_WARN_QUOTED_INCLUDE_IN_FRAMEWORK_HEADER = YES;
				CLANG_WARN_RANGE_LOOP_ANALYSIS = YES;
				CLANG_WARN_STRICT_PROTOTYPES = YES;
				CLANG_WARN_SUSPICIOUS_MOVE = YES;
				CLANG_WARN_UNGUARDED_AVAILABILITY = YES_AGGRESSIVE;
				CLANG_WARN_UNREACHABLE_CODE = YES;
				CLANG_WARN__DUPLICATE_METHOD_MATCH = YES;
				COPY_PHASE_STRIP = NO;
				DEBUG_INFORMATION_FORMAT = dwarf;
				ENABLE_STRICT_OBJC_MSGSEND = YES;
				ENABLE_TESTABILITY = YES;
				GCC_C_LANGUAGE_STANDARD = gnu11;
				GCC_DYNAMIC_NO_PIC = NO;
				GCC_NO_COMMON_BLOCKS = YES;
				GCC_OPTIMIZATION_LEVEL = 0;
				GCC_PREPROCESSOR_DEFINITIONS = (
					"DEBUG=1",
					"$(inherited)",
				);
				GCC_WARN_64_TO_32_BIT_CONVERSION = YES;
				GCC_WARN_ABOUT_RETURN_TYPE = YES_ERROR;
				GCC_WARN_UNDECLARED_SELECTOR = YES;
				GCC_WARN_UNINITIALIZED_AUTOS = YES_AGGRESSIVE;
				GCC_WARN_UNUSED_FUNCTION = YES;
				GCC_WARN_UNUSED_VARIABLE = YES;
				IPHONEOS_DEPLOYMENT_TARGET = 15.5;
				MTL_ENABLE_DEBUG_INFO = INCLUDE_SOURCE;
				MTL_FAST_MATH = YES;
				ONLY_ACTIVE_ARCH = YES;
				SDKROOT = iphoneos;
				SWIFT_ACTIVE_COMPILATION_CONDITIONS = DEBUG;
				SWIFT_OPTIMIZATION_LEVEL = "-Onone";
			};
			name = Debug;
		};
		262641B32988080E005303E1 /* Release */ = {
			isa = XCBuildConfiguration;
			buildSettings = {
				ALWAYS_SEARCH_USER_PATHS = NO;
				CLANG_ANALYZER_NONNULL = YES;
				CLANG_ANALYZER_NUMBER_OBJECT_CONVERSION = YES_AGGRESSIVE;
				CLANG_CXX_LANGUAGE_STANDARD = "gnu++17";
				CLANG_ENABLE_MODULES = YES;
				CLANG_ENABLE_OBJC_ARC = YES;
				CLANG_ENABLE_OBJC_WEAK = YES;
				CLANG_WARN_BLOCK_CAPTURE_AUTORELEASING = YES;
				CLANG_WARN_BOOL_CONVERSION = YES;
				CLANG_WARN_COMMA = YES;
				CLANG_WARN_CONSTANT_CONVERSION = YES;
				CLANG_WARN_DEPRECATED_OBJC_IMPLEMENTATIONS = YES;
				CLANG_WARN_DIRECT_OBJC_ISA_USAGE = YES_ERROR;
				CLANG_WARN_DOCUMENTATION_COMMENTS = YES;
				CLANG_WARN_EMPTY_BODY = YES;
				CLANG_WARN_ENUM_CONVERSION = YES;
				CLANG_WARN_INFINITE_RECURSION = YES;
				CLANG_WARN_INT_CONVERSION = YES;
				CLANG_WARN_NON_LITERAL_NULL_CONVERSION = YES;
				CLANG_WARN_OBJC_IMPLICIT_RETAIN_SELF = YES;
				CLANG_WARN_OBJC_LITERAL_CONVERSION = YES;
				CLANG_WARN_OBJC_ROOT_CLASS = YES_ERROR;
				CLANG_WARN_QUOTED_INCLUDE_IN_FRAMEWORK_HEADER = YES;
				CLANG_WARN_RANGE_LOOP_ANALYSIS = YES;
				CLANG_WARN_STRICT_PROTOTYPES = YES;
				CLANG_WARN_SUSPICIOUS_MOVE = YES;
				CLANG_WARN_UNGUARDED_AVAILABILITY = YES_AGGRESSIVE;
				CLANG_WARN_UNREACHABLE_CODE = YES;
				CLANG_WARN__DUPLICATE_METHOD_MATCH = YES;
				COPY_PHASE_STRIP = NO;
				DEBUG_INFORMATION_FORMAT = "dwarf-with-dsym";
				ENABLE_NS_ASSERTIONS = NO;
				ENABLE_STRICT_OBJC_MSGSEND = YES;
				GCC_C_LANGUAGE_STANDARD = gnu11;
				GCC_NO_COMMON_BLOCKS = YES;
				GCC_WARN_64_TO_32_BIT_CONVERSION = YES;
				GCC_WARN_ABOUT_RETURN_TYPE = YES_ERROR;
				GCC_WARN_UNDECLARED_SELECTOR = YES;
				GCC_WARN_UNINITIALIZED_AUTOS = YES_AGGRESSIVE;
				GCC_WARN_UNUSED_FUNCTION = YES;
				GCC_WARN_UNUSED_VARIABLE = YES;
				IPHONEOS_DEPLOYMENT_TARGET = 15.5;
				MTL_ENABLE_DEBUG_INFO = NO;
				MTL_FAST_MATH = YES;
				SDKROOT = iphoneos;
				SWIFT_COMPILATION_MODE = wholemodule;
				SWIFT_OPTIMIZATION_LEVEL = "-O";
				VALIDATE_PRODUCT = YES;
			};
			name = Release;
		};
		262641B52988080E005303E1 /* Debug */ = {
			isa = XCBuildConfiguration;
			buildSettings = {
				ASSETCATALOG_COMPILER_APPICON_NAME = AppIcon;
				ASSETCATALOG_COMPILER_GLOBAL_ACCENT_COLOR_NAME = AccentColor;
				CODE_SIGN_STYLE = Automatic;
				CURRENT_PROJECT_VERSION = 1;
				DEVELOPMENT_ASSET_PATHS = "\"ToyGram/Preview Content\"";
				DEVELOPMENT_TEAM = C35WAJESWR;
				ENABLE_PREVIEWS = YES;
				GENERATE_INFOPLIST_FILE = YES;
				INFOPLIST_KEY_UIApplicationSceneManifest_Generation = YES;
				INFOPLIST_KEY_UIApplicationSupportsIndirectInputEvents = YES;
				INFOPLIST_KEY_UILaunchScreen_Generation = YES;
				INFOPLIST_KEY_UILaunchStoryboardName = LaunchScreen.storyboard;
				INFOPLIST_KEY_UISupportedInterfaceOrientations = UIInterfaceOrientationPortrait;
				INFOPLIST_KEY_UISupportedInterfaceOrientations_iPad = "UIInterfaceOrientationLandscapeLeft UIInterfaceOrientationLandscapeRight UIInterfaceOrientationPortrait UIInterfaceOrientationPortraitUpsideDown";
				LD_RUNPATH_SEARCH_PATHS = (
					"$(inherited)",
					"@executable_path/Frameworks",
				);
				MARKETING_VERSION = 1.0;
				PRODUCT_BUNDLE_IDENTIFIER = com.ebele.ToyGram;
				PRODUCT_NAME = "$(TARGET_NAME)";
				SUPPORTED_PLATFORMS = "iphoneos iphonesimulator";
				SUPPORTS_MACCATALYST = NO;
				SUPPORTS_MAC_DESIGNED_FOR_IPHONE_IPAD = NO;
				SWIFT_EMIT_LOC_STRINGS = YES;
				SWIFT_VERSION = 5.0;
				TARGETED_DEVICE_FAMILY = 1;
			};
			name = Debug;
		};
		262641B62988080E005303E1 /* Release */ = {
			isa = XCBuildConfiguration;
			buildSettings = {
				ASSETCATALOG_COMPILER_APPICON_NAME = AppIcon;
				ASSETCATALOG_COMPILER_GLOBAL_ACCENT_COLOR_NAME = AccentColor;
				CODE_SIGN_STYLE = Automatic;
				CURRENT_PROJECT_VERSION = 1;
				DEVELOPMENT_ASSET_PATHS = "\"ToyGram/Preview Content\"";
				DEVELOPMENT_TEAM = C35WAJESWR;
				ENABLE_PREVIEWS = YES;
				GENERATE_INFOPLIST_FILE = YES;
				INFOPLIST_KEY_UIApplicationSceneManifest_Generation = YES;
				INFOPLIST_KEY_UIApplicationSupportsIndirectInputEvents = YES;
				INFOPLIST_KEY_UILaunchScreen_Generation = YES;
				INFOPLIST_KEY_UILaunchStoryboardName = LaunchScreen.storyboard;
				INFOPLIST_KEY_UISupportedInterfaceOrientations = UIInterfaceOrientationPortrait;
				INFOPLIST_KEY_UISupportedInterfaceOrientations_iPad = "UIInterfaceOrientationLandscapeLeft UIInterfaceOrientationLandscapeRight UIInterfaceOrientationPortrait UIInterfaceOrientationPortraitUpsideDown";
				LD_RUNPATH_SEARCH_PATHS = (
					"$(inherited)",
					"@executable_path/Frameworks",
				);
				MARKETING_VERSION = 1.0;
				PRODUCT_BUNDLE_IDENTIFIER = com.ebele.ToyGram;
				PRODUCT_NAME = "$(TARGET_NAME)";
				SUPPORTED_PLATFORMS = "iphoneos iphonesimulator";
				SUPPORTS_MACCATALYST = NO;
				SUPPORTS_MAC_DESIGNED_FOR_IPHONE_IPAD = NO;
				SWIFT_EMIT_LOC_STRINGS = YES;
				SWIFT_VERSION = 5.0;
				TARGETED_DEVICE_FAMILY = 1;
			};
			name = Release;
		};
/* End XCBuildConfiguration section */

/* Begin XCConfigurationList section */
		262641A12988080D005303E1 /* Build configuration list for PBXProject "ToyGram" */ = {
			isa = XCConfigurationList;
			buildConfigurations = (
				262641B22988080E005303E1 /* Debug */,
				262641B32988080E005303E1 /* Release */,
			);
			defaultConfigurationIsVisible = 0;
			defaultConfigurationName = Release;
		};
		262641B42988080E005303E1 /* Build configuration list for PBXNativeTarget "ToyGram" */ = {
			isa = XCConfigurationList;
			buildConfigurations = (
				262641B52988080E005303E1 /* Debug */,
				262641B62988080E005303E1 /* Release */,
			);
			defaultConfigurationIsVisible = 0;
			defaultConfigurationName = Release;
		};
/* End XCConfigurationList section */
	};
	rootObject = 2626419E2988080D005303E1 /* Project object */;
}
